
Microsoft Visual Studio Solution File, Format Version 12.00
# Visual Studio Version 17
VisualStudioVersion = 17.4.33205.214
MinimumVisualStudioVersion = 10.0.40219.1
Project("{FAE04EC0-301F-11D3-BF4B-00C04F79EFBC}") = "BasicWebServer.Server", "BasicWebServer.Server\BasicWebServer.Server.csproj", "{52B14B29-2901-4516-ABD5-CB93EE022AE0}"
EndProject
Project("{FAE04EC0-301F-11D3-BF4B-00C04F79EFBC}") = "BasicWebServer.Demo", "BasicWebServer.Demo\BasicWebServer.Demo.csproj", "{3CF0B972-6839-472C-BB42-8A3EF342A41D}"
EndProject
Global
	GlobalSection(SolutionConfigurationPlatforms) = preSolution
		Debug|Any CPU = Debug|Any CPU
		Release|Any CPU = Release|Any CPU
	EndGlobalSection
	GlobalSection(ProjectConfigurationPlatforms) = postSolution
		{52B14B29-2901-4516-ABD5-CB93EE022AE0}.Debug|Any CPU.ActiveCfg = Debug|Any CPU
		{52B14B29-2901-4516-ABD5-CB93EE022AE0}.Debug|Any CPU.Build.0 = Debug|Any CPU
		{52B14B29-2901-4516-ABD5-CB93EE022AE0}.Release|Any CPU.ActiveCfg = Release|Any CPU
		{52B14B29-2901-4516-ABD5-CB93EE022AE0}.Release|Any CPU.Build.0 = Release|Any CPU
		{3CF0B972-6839-472C-BB42-8A3EF342A41D}.Debug|Any CPU.ActiveCfg = Debug|Any CPU
		{3CF0B972-6839-472C-BB42-8A3EF342A41D}.Debug|Any CPU.Build.0 = Debug|Any CPU
		{3CF0B972-6839-472C-BB42-8A3EF342A41D}.Release|Any CPU.ActiveCfg = Release|Any CPU
		{3CF0B972-6839-472C-BB42-8A3EF342A41D}.Release|Any CPU.Build.0 = Release|Any CPU
	EndGlobalSection
	GlobalSection(SolutionProperties) = preSolution
		HideSolutionNode = FALSE
	EndGlobalSection
	GlobalSection(ExtensibilityGlobals) = postSolution
		SolutionGuid = {62896CD7-DF90-44D2-A21A-3337DEAE9139}
	EndGlobalSection
EndGlobal
