
Microsoft Visual Studio Solution File, Format Version 12.00
# Visual Studio Version 17
VisualStudioVersion = 17.0.32112.339
MinimumVisualStudioVersion = 10.0.40219.1
Project("{FAE04EC0-301F-11D3-BF4B-00C04F79EFBC}") = "Dependency injection framework", "Dependency injection framework.csproj", "{7FBF2B0F-CDE3-4ABC-AB97-5D7299881BCE}"
EndProject
Global
	GlobalSection(SolutionConfigurationPlatforms) = preSolution
		Debug|Any CPU = Debug|Any CPU
		Release|Any CPU = Release|Any CPU
	EndGlobalSection
	GlobalSection(ProjectConfigurationPlatforms) = postSolution
		{7FBF2B0F-CDE3-4ABC-AB97-5D7299881BCE}.Debug|Any CPU.ActiveCfg = Debug|Any CPU
		{7FBF2B0F-CDE3-4ABC-AB97-5D7299881BCE}.Debug|Any CPU.Build.0 = Debug|Any CPU
		{7FBF2B0F-CDE3-4ABC-AB97-5D7299881BCE}.Release|Any CPU.ActiveCfg = Release|Any CPU
		{7FBF2B0F-CDE3-4ABC-AB97-5D7299881BCE}.Release|Any CPU.Build.0 = Release|Any CPU
	EndGlobalSection
	GlobalSection(SolutionProperties) = preSolution
		HideSolutionNode = FALSE
	EndGlobalSection
	GlobalSection(ExtensibilityGlobals) = postSolution
		SolutionGuid = {C3C14F16-E2AB-4736-AE05-171223E18EC1}
	EndGlobalSection
EndGlobal
