
Microsoft Visual Studio Solution File, Format Version 12.00
# Visual Studio Version 17
VisualStudioVersion = 17.4.33205.214
MinimumVisualStudioVersion = 10.0.40219.1
Project("{FAE04EC0-301F-11D3-BF4B-00C04F79EFBC}") = "P01_StudentSystem", "P01_StudentSystem.csproj", "{468EA388-5DF2-4E71-9AB6-9A3E2FC5220D}"
EndProject
Project("{FAE04EC0-301F-11D3-BF4B-00C04F79EFBC}") = "P01_StudentSystem.Data", "..\P01_StudentSystem.Data\P01_StudentSystem.Data.csproj", "{69360784-D44B-4E0E-A513-A2CE836C831B}"
EndProject
Project("{FAE04EC0-301F-11D3-BF4B-00C04F79EFBC}") = "P01_StudentSystem.Data.Models", "..\P01_StudentSystem.Data.Models\P01_StudentSystem.Data.Models.csproj", "{4A21CA26-826A-45CB-BC34-3BAE50BC0EF0}"
EndProject
Project("{FAE04EC0-301F-11D3-BF4B-00C04F79EFBC}") = "P01_StudentSystem.Data.Common", "..\P01_StudentSystem.Data.Common\P01_StudentSystem.Data.Common.csproj", "{880B4A18-B9BB-4BBF-B23D-440037266E8E}"
EndProject
Global
	GlobalSection(SolutionConfigurationPlatforms) = preSolution
		Debug|Any CPU = Debug|Any CPU
		Release|Any CPU = Release|Any CPU
	EndGlobalSection
	GlobalSection(ProjectConfigurationPlatforms) = postSolution
		{468EA388-5DF2-4E71-9AB6-9A3E2FC5220D}.Debug|Any CPU.ActiveCfg = Debug|Any CPU
		{468EA388-5DF2-4E71-9AB6-9A3E2FC5220D}.Debug|Any CPU.Build.0 = Debug|Any CPU
		{468EA388-5DF2-4E71-9AB6-9A3E2FC5220D}.Release|Any CPU.ActiveCfg = Release|Any CPU
		{468EA388-5DF2-4E71-9AB6-9A3E2FC5220D}.Release|Any CPU.Build.0 = Release|Any CPU
		{69360784-D44B-4E0E-A513-A2CE836C831B}.Debug|Any CPU.ActiveCfg = Debug|Any CPU
		{69360784-D44B-4E0E-A513-A2CE836C831B}.Debug|Any CPU.Build.0 = Debug|Any CPU
		{69360784-D44B-4E0E-A513-A2CE836C831B}.Release|Any CPU.ActiveCfg = Release|Any CPU
		{69360784-D44B-4E0E-A513-A2CE836C831B}.Release|Any CPU.Build.0 = Release|Any CPU
		{4A21CA26-826A-45CB-BC34-3BAE50BC0EF0}.Debug|Any CPU.ActiveCfg = Debug|Any CPU
		{4A21CA26-826A-45CB-BC34-3BAE50BC0EF0}.Debug|Any CPU.Build.0 = Debug|Any CPU
		{4A21CA26-826A-45CB-BC34-3BAE50BC0EF0}.Release|Any CPU.ActiveCfg = Release|Any CPU
		{4A21CA26-826A-45CB-BC34-3BAE50BC0EF0}.Release|Any CPU.Build.0 = Release|Any CPU
		{880B4A18-B9BB-4BBF-B23D-440037266E8E}.Debug|Any CPU.ActiveCfg = Debug|Any CPU
		{880B4A18-B9BB-4BBF-B23D-440037266E8E}.Debug|Any CPU.Build.0 = Debug|Any CPU
		{880B4A18-B9BB-4BBF-B23D-440037266E8E}.Release|Any CPU.ActiveCfg = Release|Any CPU
		{880B4A18-B9BB-4BBF-B23D-440037266E8E}.Release|Any CPU.Build.0 = Release|Any CPU
	EndGlobalSection
	GlobalSection(SolutionProperties) = preSolution
		HideSolutionNode = FALSE
	EndGlobalSection
	GlobalSection(ExtensibilityGlobals) = postSolution
		SolutionGuid = {731D085E-5EFA-438C-B415-B7DB47B1034B}
	EndGlobalSection
EndGlobal
