
Microsoft Visual Studio Solution File, Format Version 12.00
# Visual Studio Version 17
VisualStudioVersion = 17.0.32112.339
MinimumVisualStudioVersion = 10.0.40219.1
Project("{FAE04EC0-301F-11D3-BF4B-00C04F79EFBC}") = "Person", "Person\Person.csproj", "{014467A3-7A5E-453E-83F1-7F1B6BD8206D}"
EndProject
Project("{FAE04EC0-301F-11D3-BF4B-00C04F79EFBC}") = "Validation", "Validation\Validation.csproj", "{9F8A82A4-0E43-4F71-B380-1907DFCCE832}"
EndProject
Global
	GlobalSection(SolutionConfigurationPlatforms) = preSolution
		Debug|Any CPU = Debug|Any CPU
		Release|Any CPU = Release|Any CPU
	EndGlobalSection
	GlobalSection(ProjectConfigurationPlatforms) = postSolution
		{014467A3-7A5E-453E-83F1-7F1B6BD8206D}.Debug|Any CPU.ActiveCfg = Debug|Any CPU
		{014467A3-7A5E-453E-83F1-7F1B6BD8206D}.Debug|Any CPU.Build.0 = Debug|Any CPU
		{014467A3-7A5E-453E-83F1-7F1B6BD8206D}.Release|Any CPU.ActiveCfg = Release|Any CPU
		{014467A3-7A5E-453E-83F1-7F1B6BD8206D}.Release|Any CPU.Build.0 = Release|Any CPU
		{9F8A82A4-0E43-4F71-B380-1907DFCCE832}.Debug|Any CPU.ActiveCfg = Debug|Any CPU
		{9F8A82A4-0E43-4F71-B380-1907DFCCE832}.Debug|Any CPU.Build.0 = Debug|Any CPU
		{9F8A82A4-0E43-4F71-B380-1907DFCCE832}.Release|Any CPU.ActiveCfg = Release|Any CPU
		{9F8A82A4-0E43-4F71-B380-1907DFCCE832}.Release|Any CPU.Build.0 = Release|Any CPU
	EndGlobalSection
	GlobalSection(SolutionProperties) = preSolution
		HideSolutionNode = FALSE
	EndGlobalSection
	GlobalSection(ExtensibilityGlobals) = postSolution
		SolutionGuid = {EA05777F-77F5-4B03-8CED-39D4138FAFE4}
	EndGlobalSection
EndGlobal
