
Microsoft Visual Studio Solution File, Format Version 12.00
# Visual Studio Version 17
VisualStudioVersion = 17.4.33205.214
MinimumVisualStudioVersion = 10.0.40219.1
Project("{FAE04EC0-301F-11D3-BF4B-00C04F79EFBC}") = "SoftUni", "SoftUni.csproj", "{EBBF390A-BA5B-434A-B7E3-16237A62228D}"
EndProject
Global
	GlobalSection(SolutionConfigurationPlatforms) = preSolution
		Debug|Any CPU = Debug|Any CPU
		Release|Any CPU = Release|Any CPU
	EndGlobalSection
	GlobalSection(ProjectConfigurationPlatforms) = postSolution
		{EBBF390A-BA5B-434A-B7E3-16237A62228D}.Debug|Any CPU.ActiveCfg = Debug|Any CPU
		{EBBF390A-BA5B-434A-B7E3-16237A62228D}.Debug|Any CPU.Build.0 = Debug|Any CPU
		{EBBF390A-BA5B-434A-B7E3-16237A62228D}.Release|Any CPU.ActiveCfg = Release|Any CPU
		{EBBF390A-BA5B-434A-B7E3-16237A62228D}.Release|Any CPU.Build.0 = Release|Any CPU
	EndGlobalSection
	GlobalSection(SolutionProperties) = preSolution
		HideSolutionNode = FALSE
	EndGlobalSection
	GlobalSection(ExtensibilityGlobals) = postSolution
		SolutionGuid = {CBAF14F3-1950-4D4E-B464-F336A8E68390}
	EndGlobalSection
EndGlobal
