
Microsoft Visual Studio Solution File, Format Version 12.00
# Visual Studio Version 17
VisualStudioVersion = 17.4.33205.214
MinimumVisualStudioVersion = 10.0.40219.1
Project("{FAE04EC0-301F-11D3-BF4B-00C04F79EFBC}") = "PrintEventNumbers", "Asynchronous Processing\PrintEventNumbers.csproj", "{1334586F-E1A1-401C-AF1A-8332D07D99D9}"
EndProject
Project("{FAE04EC0-301F-11D3-BF4B-00C04F79EFBC}") = "SumEvens in Background", "SumEvens in Background\SumEvens in Background.csproj", "{6F714EF8-E262-47BF-BEEA-9DF898D30F52}"
EndProject
Project("{FAE04EC0-301F-11D3-BF4B-00C04F79EFBC}") = "Chronometer", "Chronometer\Chronometer.csproj", "{2E147CA8-73E2-4C7A-A6C5-AB391938FB68}"
EndProject
Global
	GlobalSection(SolutionConfigurationPlatforms) = preSolution
		Debug|Any CPU = Debug|Any CPU
		Release|Any CPU = Release|Any CPU
	EndGlobalSection
	GlobalSection(ProjectConfigurationPlatforms) = postSolution
		{1334586F-E1A1-401C-AF1A-8332D07D99D9}.Debug|Any CPU.ActiveCfg = Debug|Any CPU
		{1334586F-E1A1-401C-AF1A-8332D07D99D9}.Debug|Any CPU.Build.0 = Debug|Any CPU
		{1334586F-E1A1-401C-AF1A-8332D07D99D9}.Release|Any CPU.ActiveCfg = Release|Any CPU
		{1334586F-E1A1-401C-AF1A-8332D07D99D9}.Release|Any CPU.Build.0 = Release|Any CPU
		{6F714EF8-E262-47BF-BEEA-9DF898D30F52}.Debug|Any CPU.ActiveCfg = Debug|Any CPU
		{6F714EF8-E262-47BF-BEEA-9DF898D30F52}.Debug|Any CPU.Build.0 = Debug|Any CPU
		{6F714EF8-E262-47BF-BEEA-9DF898D30F52}.Release|Any CPU.ActiveCfg = Release|Any CPU
		{6F714EF8-E262-47BF-BEEA-9DF898D30F52}.Release|Any CPU.Build.0 = Release|Any CPU
		{2E147CA8-73E2-4C7A-A6C5-AB391938FB68}.Debug|Any CPU.ActiveCfg = Debug|Any CPU
		{2E147CA8-73E2-4C7A-A6C5-AB391938FB68}.Debug|Any CPU.Build.0 = Debug|Any CPU
		{2E147CA8-73E2-4C7A-A6C5-AB391938FB68}.Release|Any CPU.ActiveCfg = Release|Any CPU
		{2E147CA8-73E2-4C7A-A6C5-AB391938FB68}.Release|Any CPU.Build.0 = Release|Any CPU
	EndGlobalSection
	GlobalSection(SolutionProperties) = preSolution
		HideSolutionNode = FALSE
	EndGlobalSection
	GlobalSection(ExtensibilityGlobals) = postSolution
		SolutionGuid = {98F51A08-0677-4AB2-A24A-98EDEB6C8B84}
	EndGlobalSection
EndGlobal
