
Microsoft Visual Studio Solution File, Format Version 12.00
# Visual Studio Version 17
VisualStudioVersion = 17.0.32112.339
MinimumVisualStudioVersion = 10.0.40219.1
Project("{9A19103F-16F7-4668-BE54-9A1E7A4F7556}") = "01 Reverse Strings", "01 Reverse Strings\01 Reverse Strings.csproj", "{B9E1F27B-4FB7-444F-88A5-5C43785E0E8B}"
EndProject
Project("{9A19103F-16F7-4668-BE54-9A1E7A4F7556}") = "02 Stack Sum", "02 Stack Sum\02 Stack Sum.csproj", "{1F7ADC48-7AC3-4043-A058-8B0D4F131CF4}"
EndProject
Project("{9A19103F-16F7-4668-BE54-9A1E7A4F7556}") = "03 Simple Calculator", "03 Simple Calculator\03 Simple Calculator.csproj", "{6588FE10-D93E-4C77-83E6-1E45B9898340}"
EndProject
Project("{9A19103F-16F7-4668-BE54-9A1E7A4F7556}") = "0.4 Matching Brackets", "0.4 Matching Brackets\0.4 Matching Brackets.csproj", "{E4914E75-4EFD-4B6F-9CCA-CEAF923709B7}"
EndProject
Project("{9A19103F-16F7-4668-BE54-9A1E7A4F7556}") = "05 Print Even Numbers", "05 Print Even Numbers\05 Print Even Numbers.csproj", "{4EE21CC7-552E-4071-9E78-1BEB9E67E719}"
EndProject
Project("{9A19103F-16F7-4668-BE54-9A1E7A4F7556}") = "06 Supermarket", "06 Supermarket\06 Supermarket.csproj", "{D001C529-9991-488E-AEAD-3E39912FF07C}"
EndProject
Project("{9A19103F-16F7-4668-BE54-9A1E7A4F7556}") = "07 Hot Potato", "07 Hot Potato\07 Hot Potato.csproj", "{526796FF-824D-4BB5-ACA8-90FE059A6CFA}"
EndProject
Project("{9A19103F-16F7-4668-BE54-9A1E7A4F7556}") = "08 Traffic Jam", "08 Traffic Jam\08 Traffic Jam.csproj", "{EDADA927-873B-48A0-9343-B8E7E79FD66E}"
EndProject
Project("{FAE04EC0-301F-11D3-BF4B-00C04F79EFBC}") = "E01 Basic Stack Operations", "E01 Basic Stack Operations\E01 Basic Stack Operations.csproj", "{000EB04E-5D4A-4AB5-B138-59E778E1FBC5}"
EndProject
Project("{FAE04EC0-301F-11D3-BF4B-00C04F79EFBC}") = "E02 Basic Queue Operations", "E02 Basic Queue Operations\E02 Basic Queue Operations.csproj", "{BDA980BD-CCF3-4714-B32C-69DD9B256E91}"
EndProject
Global
	GlobalSection(SolutionConfigurationPlatforms) = preSolution
		Debug|Any CPU = Debug|Any CPU
		Release|Any CPU = Release|Any CPU
	EndGlobalSection
	GlobalSection(ProjectConfigurationPlatforms) = postSolution
		{B9E1F27B-4FB7-444F-88A5-5C43785E0E8B}.Debug|Any CPU.ActiveCfg = Debug|Any CPU
		{B9E1F27B-4FB7-444F-88A5-5C43785E0E8B}.Debug|Any CPU.Build.0 = Debug|Any CPU
		{B9E1F27B-4FB7-444F-88A5-5C43785E0E8B}.Release|Any CPU.ActiveCfg = Release|Any CPU
		{B9E1F27B-4FB7-444F-88A5-5C43785E0E8B}.Release|Any CPU.Build.0 = Release|Any CPU
		{1F7ADC48-7AC3-4043-A058-8B0D4F131CF4}.Debug|Any CPU.ActiveCfg = Debug|Any CPU
		{1F7ADC48-7AC3-4043-A058-8B0D4F131CF4}.Debug|Any CPU.Build.0 = Debug|Any CPU
		{1F7ADC48-7AC3-4043-A058-8B0D4F131CF4}.Release|Any CPU.ActiveCfg = Release|Any CPU
		{1F7ADC48-7AC3-4043-A058-8B0D4F131CF4}.Release|Any CPU.Build.0 = Release|Any CPU
		{6588FE10-D93E-4C77-83E6-1E45B9898340}.Debug|Any CPU.ActiveCfg = Debug|Any CPU
		{6588FE10-D93E-4C77-83E6-1E45B9898340}.Debug|Any CPU.Build.0 = Debug|Any CPU
		{6588FE10-D93E-4C77-83E6-1E45B9898340}.Release|Any CPU.ActiveCfg = Release|Any CPU
		{6588FE10-D93E-4C77-83E6-1E45B9898340}.Release|Any CPU.Build.0 = Release|Any CPU
		{E4914E75-4EFD-4B6F-9CCA-CEAF923709B7}.Debug|Any CPU.ActiveCfg = Debug|Any CPU
		{E4914E75-4EFD-4B6F-9CCA-CEAF923709B7}.Debug|Any CPU.Build.0 = Debug|Any CPU
		{E4914E75-4EFD-4B6F-9CCA-CEAF923709B7}.Release|Any CPU.ActiveCfg = Release|Any CPU
		{E4914E75-4EFD-4B6F-9CCA-CEAF923709B7}.Release|Any CPU.Build.0 = Release|Any CPU
		{4EE21CC7-552E-4071-9E78-1BEB9E67E719}.Debug|Any CPU.ActiveCfg = Debug|Any CPU
		{4EE21CC7-552E-4071-9E78-1BEB9E67E719}.Debug|Any CPU.Build.0 = Debug|Any CPU
		{4EE21CC7-552E-4071-9E78-1BEB9E67E719}.Release|Any CPU.ActiveCfg = Release|Any CPU
		{4EE21CC7-552E-4071-9E78-1BEB9E67E719}.Release|Any CPU.Build.0 = Release|Any CPU
		{D001C529-9991-488E-AEAD-3E39912FF07C}.Debug|Any CPU.ActiveCfg = Debug|Any CPU
		{D001C529-9991-488E-AEAD-3E39912FF07C}.Debug|Any CPU.Build.0 = Debug|Any CPU
		{D001C529-9991-488E-AEAD-3E39912FF07C}.Release|Any CPU.ActiveCfg = Release|Any CPU
		{D001C529-9991-488E-AEAD-3E39912FF07C}.Release|Any CPU.Build.0 = Release|Any CPU
		{526796FF-824D-4BB5-ACA8-90FE059A6CFA}.Debug|Any CPU.ActiveCfg = Debug|Any CPU
		{526796FF-824D-4BB5-ACA8-90FE059A6CFA}.Debug|Any CPU.Build.0 = Debug|Any CPU
		{526796FF-824D-4BB5-ACA8-90FE059A6CFA}.Release|Any CPU.ActiveCfg = Release|Any CPU
		{526796FF-824D-4BB5-ACA8-90FE059A6CFA}.Release|Any CPU.Build.0 = Release|Any CPU
		{EDADA927-873B-48A0-9343-B8E7E79FD66E}.Debug|Any CPU.ActiveCfg = Debug|Any CPU
		{EDADA927-873B-48A0-9343-B8E7E79FD66E}.Debug|Any CPU.Build.0 = Debug|Any CPU
		{EDADA927-873B-48A0-9343-B8E7E79FD66E}.Release|Any CPU.ActiveCfg = Release|Any CPU
		{EDADA927-873B-48A0-9343-B8E7E79FD66E}.Release|Any CPU.Build.0 = Release|Any CPU
		{000EB04E-5D4A-4AB5-B138-59E778E1FBC5}.Debug|Any CPU.ActiveCfg = Debug|Any CPU
		{000EB04E-5D4A-4AB5-B138-59E778E1FBC5}.Debug|Any CPU.Build.0 = Debug|Any CPU
		{000EB04E-5D4A-4AB5-B138-59E778E1FBC5}.Release|Any CPU.ActiveCfg = Release|Any CPU
		{000EB04E-5D4A-4AB5-B138-59E778E1FBC5}.Release|Any CPU.Build.0 = Release|Any CPU
		{BDA980BD-CCF3-4714-B32C-69DD9B256E91}.Debug|Any CPU.ActiveCfg = Debug|Any CPU
		{BDA980BD-CCF3-4714-B32C-69DD9B256E91}.Debug|Any CPU.Build.0 = Debug|Any CPU
		{BDA980BD-CCF3-4714-B32C-69DD9B256E91}.Release|Any CPU.ActiveCfg = Release|Any CPU
		{BDA980BD-CCF3-4714-B32C-69DD9B256E91}.Release|Any CPU.Build.0 = Release|Any CPU
	EndGlobalSection
	GlobalSection(SolutionProperties) = preSolution
		HideSolutionNode = FALSE
	EndGlobalSection
	GlobalSection(ExtensibilityGlobals) = postSolution
		SolutionGuid = {2DD382AD-18A6-4DCD-AE4E-05765A1D796B}
	EndGlobalSection
EndGlobal
