
Microsoft Visual Studio Solution File, Format Version 12.00
# Visual Studio Version 17
VisualStudioVersion = 17.0.32112.339
MinimumVisualStudioVersion = 10.0.40219.1
Project("{FAE04EC0-301F-11D3-BF4B-00C04F79EFBC}") = "Doubly Linked List", "Doubly Linked List\Doubly Linked List.csproj", "{EB606A93-7A50-4DA1-B523-32568CC5E5D6}"
EndProject
Project("{FAE04EC0-301F-11D3-BF4B-00C04F79EFBC}") = "ImplementingCustomList", "ImplementingCustomList\ImplementingCustomList.csproj", "{F7B58B16-53F6-4C2F-9208-7DF2B1E842CB}"
EndProject
Global
	GlobalSection(SolutionConfigurationPlatforms) = preSolution
		Debug|Any CPU = Debug|Any CPU
		Release|Any CPU = Release|Any CPU
	EndGlobalSection
	GlobalSection(ProjectConfigurationPlatforms) = postSolution
		{EB606A93-7A50-4DA1-B523-32568CC5E5D6}.Debug|Any CPU.ActiveCfg = Debug|Any CPU
		{EB606A93-7A50-4DA1-B523-32568CC5E5D6}.Debug|Any CPU.Build.0 = Debug|Any CPU
		{EB606A93-7A50-4DA1-B523-32568CC5E5D6}.Release|Any CPU.ActiveCfg = Release|Any CPU
		{EB606A93-7A50-4DA1-B523-32568CC5E5D6}.Release|Any CPU.Build.0 = Release|Any CPU
		{F7B58B16-53F6-4C2F-9208-7DF2B1E842CB}.Debug|Any CPU.ActiveCfg = Debug|Any CPU
		{F7B58B16-53F6-4C2F-9208-7DF2B1E842CB}.Debug|Any CPU.Build.0 = Debug|Any CPU
		{F7B58B16-53F6-4C2F-9208-7DF2B1E842CB}.Release|Any CPU.ActiveCfg = Release|Any CPU
		{F7B58B16-53F6-4C2F-9208-7DF2B1E842CB}.Release|Any CPU.Build.0 = Release|Any CPU
	EndGlobalSection
	GlobalSection(SolutionProperties) = preSolution
		HideSolutionNode = FALSE
	EndGlobalSection
	GlobalSection(ExtensibilityGlobals) = postSolution
		SolutionGuid = {94AC0108-A0D2-4F85-9423-B73982371346}
	EndGlobalSection
EndGlobal
