
Microsoft Visual Studio Solution File, Format Version 12.00
# Visual Studio Version 17
VisualStudioVersion = 17.0.32112.339
MinimumVisualStudioVersion = 10.0.40219.1
Project("{9A19103F-16F7-4668-BE54-9A1E7A4F7556}") = "L01 Sum Matrix Elements", "L01 Sum Matrix Elements\L01 Sum Matrix Elements.csproj", "{59B3C900-EE68-4F98-98D0-3A07B7C34AFA}"
EndProject
Project("{9A19103F-16F7-4668-BE54-9A1E7A4F7556}") = "L02 Sum Matrix Columns", "L02 Sum Matrix Columns\L02 Sum Matrix Columns.csproj", "{806D3538-174A-4311-B042-05B0D00B0C47}"
EndProject
Project("{9A19103F-16F7-4668-BE54-9A1E7A4F7556}") = "L03 Primary Diagonal", "L03 Primary Diagonal\L03 Primary Diagonal.csproj", "{2554E75D-A437-4657-A5AB-45BD355C7188}"
EndProject
Project("{9A19103F-16F7-4668-BE54-9A1E7A4F7556}") = "L04 Symbol in Matrix", "L04 Symbol in Matrix\L04 Symbol in Matrix.csproj", "{8EE093FC-59EF-4E57-A9EB-32DCDCF46DBA}"
EndProject
Project("{9A19103F-16F7-4668-BE54-9A1E7A4F7556}") = "L05 Square with Maximum Sum", "L05 Square with Maximum Sum\L05 Square with Maximum Sum.csproj", "{1F52ABB0-C57C-4C68-9C8F-7800DA498571}"
EndProject
Project("{9A19103F-16F7-4668-BE54-9A1E7A4F7556}") = "L06 Jagged-Array Modification", "L06 Jagged-Array Modification\L06 Jagged-Array Modification.csproj", "{9A60BE3D-F29F-4461-8696-353FC4C0AFA7}"
EndProject
Project("{9A19103F-16F7-4668-BE54-9A1E7A4F7556}") = "L07 Pascal Triangle", "L07 Pascal Triangle\L07 Pascal Triangle.csproj", "{B8694F84-7F5C-4A67-9251-971FD265EC02}"
EndProject
Project("{FAE04EC0-301F-11D3-BF4B-00C04F79EFBC}") = "E01 Diagonal Difference", "E01 Diagonal Difference\E01 Diagonal Difference.csproj", "{4060BAFA-D69E-4D7A-9D15-B218742BB63F}"
EndProject
Project("{FAE04EC0-301F-11D3-BF4B-00C04F79EFBC}") = "E02 2X2 Squares in Matrix", "E02 2X2 Squares in Matrix\E02 2X2 Squares in Matrix.csproj", "{615ACD85-6F06-442E-BAAB-14BCB38EFFBB}"
EndProject
Global
	GlobalSection(SolutionConfigurationPlatforms) = preSolution
		Debug|Any CPU = Debug|Any CPU
		Release|Any CPU = Release|Any CPU
	EndGlobalSection
	GlobalSection(ProjectConfigurationPlatforms) = postSolution
		{59B3C900-EE68-4F98-98D0-3A07B7C34AFA}.Debug|Any CPU.ActiveCfg = Debug|Any CPU
		{59B3C900-EE68-4F98-98D0-3A07B7C34AFA}.Debug|Any CPU.Build.0 = Debug|Any CPU
		{59B3C900-EE68-4F98-98D0-3A07B7C34AFA}.Release|Any CPU.ActiveCfg = Release|Any CPU
		{59B3C900-EE68-4F98-98D0-3A07B7C34AFA}.Release|Any CPU.Build.0 = Release|Any CPU
		{806D3538-174A-4311-B042-05B0D00B0C47}.Debug|Any CPU.ActiveCfg = Debug|Any CPU
		{806D3538-174A-4311-B042-05B0D00B0C47}.Debug|Any CPU.Build.0 = Debug|Any CPU
		{806D3538-174A-4311-B042-05B0D00B0C47}.Release|Any CPU.ActiveCfg = Release|Any CPU
		{806D3538-174A-4311-B042-05B0D00B0C47}.Release|Any CPU.Build.0 = Release|Any CPU
		{2554E75D-A437-4657-A5AB-45BD355C7188}.Debug|Any CPU.ActiveCfg = Debug|Any CPU
		{2554E75D-A437-4657-A5AB-45BD355C7188}.Debug|Any CPU.Build.0 = Debug|Any CPU
		{2554E75D-A437-4657-A5AB-45BD355C7188}.Release|Any CPU.ActiveCfg = Release|Any CPU
		{2554E75D-A437-4657-A5AB-45BD355C7188}.Release|Any CPU.Build.0 = Release|Any CPU
		{8EE093FC-59EF-4E57-A9EB-32DCDCF46DBA}.Debug|Any CPU.ActiveCfg = Debug|Any CPU
		{8EE093FC-59EF-4E57-A9EB-32DCDCF46DBA}.Debug|Any CPU.Build.0 = Debug|Any CPU
		{8EE093FC-59EF-4E57-A9EB-32DCDCF46DBA}.Release|Any CPU.ActiveCfg = Release|Any CPU
		{8EE093FC-59EF-4E57-A9EB-32DCDCF46DBA}.Release|Any CPU.Build.0 = Release|Any CPU
		{1F52ABB0-C57C-4C68-9C8F-7800DA498571}.Debug|Any CPU.ActiveCfg = Debug|Any CPU
		{1F52ABB0-C57C-4C68-9C8F-7800DA498571}.Debug|Any CPU.Build.0 = Debug|Any CPU
		{1F52ABB0-C57C-4C68-9C8F-7800DA498571}.Release|Any CPU.ActiveCfg = Release|Any CPU
		{1F52ABB0-C57C-4C68-9C8F-7800DA498571}.Release|Any CPU.Build.0 = Release|Any CPU
		{9A60BE3D-F29F-4461-8696-353FC4C0AFA7}.Debug|Any CPU.ActiveCfg = Debug|Any CPU
		{9A60BE3D-F29F-4461-8696-353FC4C0AFA7}.Debug|Any CPU.Build.0 = Debug|Any CPU
		{9A60BE3D-F29F-4461-8696-353FC4C0AFA7}.Release|Any CPU.ActiveCfg = Release|Any CPU
		{9A60BE3D-F29F-4461-8696-353FC4C0AFA7}.Release|Any CPU.Build.0 = Release|Any CPU
		{B8694F84-7F5C-4A67-9251-971FD265EC02}.Debug|Any CPU.ActiveCfg = Debug|Any CPU
		{B8694F84-7F5C-4A67-9251-971FD265EC02}.Debug|Any CPU.Build.0 = Debug|Any CPU
		{B8694F84-7F5C-4A67-9251-971FD265EC02}.Release|Any CPU.ActiveCfg = Release|Any CPU
		{B8694F84-7F5C-4A67-9251-971FD265EC02}.Release|Any CPU.Build.0 = Release|Any CPU
		{4060BAFA-D69E-4D7A-9D15-B218742BB63F}.Debug|Any CPU.ActiveCfg = Debug|Any CPU
		{4060BAFA-D69E-4D7A-9D15-B218742BB63F}.Debug|Any CPU.Build.0 = Debug|Any CPU
		{4060BAFA-D69E-4D7A-9D15-B218742BB63F}.Release|Any CPU.ActiveCfg = Release|Any CPU
		{4060BAFA-D69E-4D7A-9D15-B218742BB63F}.Release|Any CPU.Build.0 = Release|Any CPU
		{615ACD85-6F06-442E-BAAB-14BCB38EFFBB}.Debug|Any CPU.ActiveCfg = Debug|Any CPU
		{615ACD85-6F06-442E-BAAB-14BCB38EFFBB}.Debug|Any CPU.Build.0 = Debug|Any CPU
		{615ACD85-6F06-442E-BAAB-14BCB38EFFBB}.Release|Any CPU.ActiveCfg = Release|Any CPU
		{615ACD85-6F06-442E-BAAB-14BCB38EFFBB}.Release|Any CPU.Build.0 = Release|Any CPU
	EndGlobalSection
	GlobalSection(SolutionProperties) = preSolution
		HideSolutionNode = FALSE
	EndGlobalSection
	GlobalSection(ExtensibilityGlobals) = postSolution
		SolutionGuid = {C5ABCEBE-E8E9-4486-9523-F34A3145F9A9}
	EndGlobalSection
EndGlobal
