
Microsoft Visual Studio Solution File, Format Version 12.00
# Visual Studio Version 17
VisualStudioVersion = 17.0.32112.339
MinimumVisualStudioVersion = 10.0.40219.1
Project("{FAE04EC0-301F-11D3-BF4B-00C04F79EFBC}") = "OneKeyMultipleValues", "OneKeyMultipleValues\OneKeyMultipleValues.csproj", "{AE7FB166-2059-48D4-91AE-C8D59BCFD0C7}"
EndProject
Global
	GlobalSection(SolutionConfigurationPlatforms) = preSolution
		Debug|Any CPU = Debug|Any CPU
		Release|Any CPU = Release|Any CPU
	EndGlobalSection
	GlobalSection(ProjectConfigurationPlatforms) = postSolution
		{AE7FB166-2059-48D4-91AE-C8D59BCFD0C7}.Debug|Any CPU.ActiveCfg = Debug|Any CPU
		{AE7FB166-2059-48D4-91AE-C8D59BCFD0C7}.Debug|Any CPU.Build.0 = Debug|Any CPU
		{AE7FB166-2059-48D4-91AE-C8D59BCFD0C7}.Release|Any CPU.ActiveCfg = Release|Any CPU
		{AE7FB166-2059-48D4-91AE-C8D59BCFD0C7}.Release|Any CPU.Build.0 = Release|Any CPU
	EndGlobalSection
	GlobalSection(SolutionProperties) = preSolution
		HideSolutionNode = FALSE
	EndGlobalSection
	GlobalSection(ExtensibilityGlobals) = postSolution
		SolutionGuid = {0789042E-F23F-41FB-AEE6-D7A41C106E66}
	EndGlobalSection
EndGlobal
