
Microsoft Visual Studio Solution File, Format Version 12.00
# Visual Studio Version 17
VisualStudioVersion = 17.0.32112.339
MinimumVisualStudioVersion = 10.0.40219.1
Project("{9A19103F-16F7-4668-BE54-9A1E7A4F7556}") = "L01 Sort Even Numbers", "L01 Sort Even Numbers\L01 Sort Even Numbers.csproj", "{EE19D9DD-106D-4DA0-87AA-B4708E38D165}"
EndProject
Project("{9A19103F-16F7-4668-BE54-9A1E7A4F7556}") = "L02 Sum Numbers", "L02 Sum Numbers\L02 Sum Numbers.csproj", "{297F0C14-B2C9-4D36-9580-2D7894D71D80}"
EndProject
Project("{9A19103F-16F7-4668-BE54-9A1E7A4F7556}") = "L03 Count Uppercase Words", "L03 Count Uppercase Words\L03 Count Uppercase Words.csproj", "{099580AD-E0D3-4414-870C-25BB3E156247}"
EndProject
Project("{9A19103F-16F7-4668-BE54-9A1E7A4F7556}") = "L04 Add VAT", "L04 Add VAT\L04 Add VAT.csproj", "{20FE8DA8-3AFC-49B7-88F6-D19628BC11C6}"
EndProject
Project("{9A19103F-16F7-4668-BE54-9A1E7A4F7556}") = "L05 Filter By Age", "L05 Filter By Age\L05 Filter By Age.csproj", "{E5DA3E1D-B9F9-4CD0-9CD7-16EFD6EF96A6}"
EndProject
Project("{FAE04EC0-301F-11D3-BF4B-00C04F79EFBC}") = "E01 Action Point", "E01 Action Point\E01 Action Point.csproj", "{A08D2E89-B8F3-45E3-9EE0-A15C006DE885}"
EndProject
Project("{FAE04EC0-301F-11D3-BF4B-00C04F79EFBC}") = "E02 Knights of Honor", "E02 Knights of Honor\E02 Knights of Honor.csproj", "{865E0463-B67E-4F96-A65A-E96912251321}"
EndProject
Project("{FAE04EC0-301F-11D3-BF4B-00C04F79EFBC}") = "E03 Custom Min Function", "E03 Custom Min Function\E03 Custom Min Function.csproj", "{45E5EBA6-BAB9-4E40-BCE5-C05F9D6E6698}"
EndProject
Project("{FAE04EC0-301F-11D3-BF4B-00C04F79EFBC}") = "E04 Find Evens or Odds", "E04 Find Evens or Odds\E04 Find Evens or Odds.csproj", "{794CE927-A7E1-4838-966F-80CCAAF49A58}"
EndProject
Global
	GlobalSection(SolutionConfigurationPlatforms) = preSolution
		Debug|Any CPU = Debug|Any CPU
		Release|Any CPU = Release|Any CPU
	EndGlobalSection
	GlobalSection(ProjectConfigurationPlatforms) = postSolution
		{EE19D9DD-106D-4DA0-87AA-B4708E38D165}.Debug|Any CPU.ActiveCfg = Debug|Any CPU
		{EE19D9DD-106D-4DA0-87AA-B4708E38D165}.Debug|Any CPU.Build.0 = Debug|Any CPU
		{EE19D9DD-106D-4DA0-87AA-B4708E38D165}.Release|Any CPU.ActiveCfg = Release|Any CPU
		{EE19D9DD-106D-4DA0-87AA-B4708E38D165}.Release|Any CPU.Build.0 = Release|Any CPU
		{297F0C14-B2C9-4D36-9580-2D7894D71D80}.Debug|Any CPU.ActiveCfg = Debug|Any CPU
		{297F0C14-B2C9-4D36-9580-2D7894D71D80}.Debug|Any CPU.Build.0 = Debug|Any CPU
		{297F0C14-B2C9-4D36-9580-2D7894D71D80}.Release|Any CPU.ActiveCfg = Release|Any CPU
		{297F0C14-B2C9-4D36-9580-2D7894D71D80}.Release|Any CPU.Build.0 = Release|Any CPU
		{099580AD-E0D3-4414-870C-25BB3E156247}.Debug|Any CPU.ActiveCfg = Debug|Any CPU
		{099580AD-E0D3-4414-870C-25BB3E156247}.Debug|Any CPU.Build.0 = Debug|Any CPU
		{099580AD-E0D3-4414-870C-25BB3E156247}.Release|Any CPU.ActiveCfg = Release|Any CPU
		{099580AD-E0D3-4414-870C-25BB3E156247}.Release|Any CPU.Build.0 = Release|Any CPU
		{20FE8DA8-3AFC-49B7-88F6-D19628BC11C6}.Debug|Any CPU.ActiveCfg = Debug|Any CPU
		{20FE8DA8-3AFC-49B7-88F6-D19628BC11C6}.Debug|Any CPU.Build.0 = Debug|Any CPU
		{20FE8DA8-3AFC-49B7-88F6-D19628BC11C6}.Release|Any CPU.ActiveCfg = Release|Any CPU
		{20FE8DA8-3AFC-49B7-88F6-D19628BC11C6}.Release|Any CPU.Build.0 = Release|Any CPU
		{E5DA3E1D-B9F9-4CD0-9CD7-16EFD6EF96A6}.Debug|Any CPU.ActiveCfg = Debug|Any CPU
		{E5DA3E1D-B9F9-4CD0-9CD7-16EFD6EF96A6}.Debug|Any CPU.Build.0 = Debug|Any CPU
		{E5DA3E1D-B9F9-4CD0-9CD7-16EFD6EF96A6}.Release|Any CPU.ActiveCfg = Release|Any CPU
		{E5DA3E1D-B9F9-4CD0-9CD7-16EFD6EF96A6}.Release|Any CPU.Build.0 = Release|Any CPU
		{A08D2E89-B8F3-45E3-9EE0-A15C006DE885}.Debug|Any CPU.ActiveCfg = Debug|Any CPU
		{A08D2E89-B8F3-45E3-9EE0-A15C006DE885}.Debug|Any CPU.Build.0 = Debug|Any CPU
		{A08D2E89-B8F3-45E3-9EE0-A15C006DE885}.Release|Any CPU.ActiveCfg = Release|Any CPU
		{A08D2E89-B8F3-45E3-9EE0-A15C006DE885}.Release|Any CPU.Build.0 = Release|Any CPU
		{865E0463-B67E-4F96-A65A-E96912251321}.Debug|Any CPU.ActiveCfg = Debug|Any CPU
		{865E0463-B67E-4F96-A65A-E96912251321}.Debug|Any CPU.Build.0 = Debug|Any CPU
		{865E0463-B67E-4F96-A65A-E96912251321}.Release|Any CPU.ActiveCfg = Release|Any CPU
		{865E0463-B67E-4F96-A65A-E96912251321}.Release|Any CPU.Build.0 = Release|Any CPU
		{45E5EBA6-BAB9-4E40-BCE5-C05F9D6E6698}.Debug|Any CPU.ActiveCfg = Debug|Any CPU
		{45E5EBA6-BAB9-4E40-BCE5-C05F9D6E6698}.Debug|Any CPU.Build.0 = Debug|Any CPU
		{45E5EBA6-BAB9-4E40-BCE5-C05F9D6E6698}.Release|Any CPU.ActiveCfg = Release|Any CPU
		{45E5EBA6-BAB9-4E40-BCE5-C05F9D6E6698}.Release|Any CPU.Build.0 = Release|Any CPU
		{794CE927-A7E1-4838-966F-80CCAAF49A58}.Debug|Any CPU.ActiveCfg = Debug|Any CPU
		{794CE927-A7E1-4838-966F-80CCAAF49A58}.Debug|Any CPU.Build.0 = Debug|Any CPU
		{794CE927-A7E1-4838-966F-80CCAAF49A58}.Release|Any CPU.ActiveCfg = Release|Any CPU
		{794CE927-A7E1-4838-966F-80CCAAF49A58}.Release|Any CPU.Build.0 = Release|Any CPU
	EndGlobalSection
	GlobalSection(SolutionProperties) = preSolution
		HideSolutionNode = FALSE
	EndGlobalSection
	GlobalSection(ExtensibilityGlobals) = postSolution
		SolutionGuid = {F3D9B8FE-DB38-40F0-8321-06730259EA14}
	EndGlobalSection
EndGlobal
