
Microsoft Visual Studio Solution File, Format Version 12.00
# Visual Studio Version 17
VisualStudioVersion = 17.0.32112.339
MinimumVisualStudioVersion = 10.0.40219.1
Project("{9A19103F-16F7-4668-BE54-9A1E7A4F7556}") = "Bakery Shop", "Bakery Shop\Bakery Shop.csproj", "{9FA4BDE8-5F7D-4B7D-96B5-06AD2D51A0E7}"
EndProject
Project("{9A19103F-16F7-4668-BE54-9A1E7A4F7556}") = "Beaver at Work", "Beaver at Work\Beaver at Work.csproj", "{8F04DEA7-1F5F-4605-871D-50F88B9130AE}"
EndProject
Project("{9A19103F-16F7-4668-BE54-9A1E7A4F7556}") = "Blacksmith", "Blacksmith\Blacksmith.csproj", "{5F1F91D7-ACF3-4C70-94D7-5E92A61CDC89}"
EndProject
Project("{9A19103F-16F7-4668-BE54-9A1E7A4F7556}") = "Armory", "Armory\Armory.csproj", "{AE3961FE-D6D0-44B2-A6CA-BF7ED517A19B}"
EndProject
Project("{9A19103F-16F7-4668-BE54-9A1E7A4F7556}") = "Pawn Wars", "Pawn Wars\Pawn Wars.csproj", "{6585645E-6A97-466B-9282-168D9AA517D5}"
EndProject
Project("{9A19103F-16F7-4668-BE54-9A1E7A4F7556}") = "FoodFinder", "FoodFinder\FoodFinder.csproj", "{795DFFE7-7253-4C84-9E01-6D48A14CA309}"
EndProject
Project("{FAE04EC0-301F-11D3-BF4B-00C04F79EFBC}") = "Birthday Celebration", "Birthday Celebration\Birthday Celebration.csproj", "{4B101004-F839-46DA-910C-CDCAB5F59A01}"
EndProject
Project("{FAE04EC0-301F-11D3-BF4B-00C04F79EFBC}") = "The Battle of The Five Armies", "The Battle of The Five Armies\The Battle of The Five Armies.csproj", "{BB47B2FE-D6C7-442F-B8AA-B0E5590B97F4}"
EndProject
Global
	GlobalSection(SolutionConfigurationPlatforms) = preSolution
		Debug|Any CPU = Debug|Any CPU
		Release|Any CPU = Release|Any CPU
	EndGlobalSection
	GlobalSection(ProjectConfigurationPlatforms) = postSolution
		{9FA4BDE8-5F7D-4B7D-96B5-06AD2D51A0E7}.Debug|Any CPU.ActiveCfg = Debug|Any CPU
		{9FA4BDE8-5F7D-4B7D-96B5-06AD2D51A0E7}.Debug|Any CPU.Build.0 = Debug|Any CPU
		{9FA4BDE8-5F7D-4B7D-96B5-06AD2D51A0E7}.Release|Any CPU.ActiveCfg = Release|Any CPU
		{9FA4BDE8-5F7D-4B7D-96B5-06AD2D51A0E7}.Release|Any CPU.Build.0 = Release|Any CPU
		{8F04DEA7-1F5F-4605-871D-50F88B9130AE}.Debug|Any CPU.ActiveCfg = Debug|Any CPU
		{8F04DEA7-1F5F-4605-871D-50F88B9130AE}.Debug|Any CPU.Build.0 = Debug|Any CPU
		{8F04DEA7-1F5F-4605-871D-50F88B9130AE}.Release|Any CPU.ActiveCfg = Release|Any CPU
		{8F04DEA7-1F5F-4605-871D-50F88B9130AE}.Release|Any CPU.Build.0 = Release|Any CPU
		{5F1F91D7-ACF3-4C70-94D7-5E92A61CDC89}.Debug|Any CPU.ActiveCfg = Debug|Any CPU
		{5F1F91D7-ACF3-4C70-94D7-5E92A61CDC89}.Debug|Any CPU.Build.0 = Debug|Any CPU
		{5F1F91D7-ACF3-4C70-94D7-5E92A61CDC89}.Release|Any CPU.ActiveCfg = Release|Any CPU
		{5F1F91D7-ACF3-4C70-94D7-5E92A61CDC89}.Release|Any CPU.Build.0 = Release|Any CPU
		{AE3961FE-D6D0-44B2-A6CA-BF7ED517A19B}.Debug|Any CPU.ActiveCfg = Debug|Any CPU
		{AE3961FE-D6D0-44B2-A6CA-BF7ED517A19B}.Debug|Any CPU.Build.0 = Debug|Any CPU
		{AE3961FE-D6D0-44B2-A6CA-BF7ED517A19B}.Release|Any CPU.ActiveCfg = Release|Any CPU
		{AE3961FE-D6D0-44B2-A6CA-BF7ED517A19B}.Release|Any CPU.Build.0 = Release|Any CPU
		{6585645E-6A97-466B-9282-168D9AA517D5}.Debug|Any CPU.ActiveCfg = Debug|Any CPU
		{6585645E-6A97-466B-9282-168D9AA517D5}.Debug|Any CPU.Build.0 = Debug|Any CPU
		{6585645E-6A97-466B-9282-168D9AA517D5}.Release|Any CPU.ActiveCfg = Release|Any CPU
		{6585645E-6A97-466B-9282-168D9AA517D5}.Release|Any CPU.Build.0 = Release|Any CPU
		{795DFFE7-7253-4C84-9E01-6D48A14CA309}.Debug|Any CPU.ActiveCfg = Debug|Any CPU
		{795DFFE7-7253-4C84-9E01-6D48A14CA309}.Debug|Any CPU.Build.0 = Debug|Any CPU
		{795DFFE7-7253-4C84-9E01-6D48A14CA309}.Release|Any CPU.ActiveCfg = Release|Any CPU
		{795DFFE7-7253-4C84-9E01-6D48A14CA309}.Release|Any CPU.Build.0 = Release|Any CPU
		{4B101004-F839-46DA-910C-CDCAB5F59A01}.Debug|Any CPU.ActiveCfg = Debug|Any CPU
		{4B101004-F839-46DA-910C-CDCAB5F59A01}.Debug|Any CPU.Build.0 = Debug|Any CPU
		{4B101004-F839-46DA-910C-CDCAB5F59A01}.Release|Any CPU.ActiveCfg = Release|Any CPU
		{4B101004-F839-46DA-910C-CDCAB5F59A01}.Release|Any CPU.Build.0 = Release|Any CPU
		{BB47B2FE-D6C7-442F-B8AA-B0E5590B97F4}.Debug|Any CPU.ActiveCfg = Debug|Any CPU
		{BB47B2FE-D6C7-442F-B8AA-B0E5590B97F4}.Debug|Any CPU.Build.0 = Debug|Any CPU
		{BB47B2FE-D6C7-442F-B8AA-B0E5590B97F4}.Release|Any CPU.ActiveCfg = Release|Any CPU
		{BB47B2FE-D6C7-442F-B8AA-B0E5590B97F4}.Release|Any CPU.Build.0 = Release|Any CPU
	EndGlobalSection
	GlobalSection(SolutionProperties) = preSolution
		HideSolutionNode = FALSE
	EndGlobalSection
	GlobalSection(ExtensibilityGlobals) = postSolution
		SolutionGuid = {F71FAEEA-73C5-485B-A72E-4B6E1CAFD57C}
	EndGlobalSection
EndGlobal
