
Microsoft Visual Studio Solution File, Format Version 12.00
# Visual Studio Version 17
VisualStudioVersion = 17.0.32112.339
MinimumVisualStudioVersion = 10.0.40219.1
Project("{9A19103F-16F7-4668-BE54-9A1E7A4F7556}") = "E01. Train", "E01. Train\E01. Train.csproj", "{4BE85BFD-E182-4DFF-83A9-CDCC11A760B2}"
EndProject
Project("{FAE04EC0-301F-11D3-BF4B-00C04F79EFBC}") = "E02. Change List", "E02. Change List\E02. Change List.csproj", "{42B061DA-1C5A-4D10-9201-C5CAFE0E1D0D}"
EndProject
Project("{FAE04EC0-301F-11D3-BF4B-00C04F79EFBC}") = "E03. House Party", "E03. House Party\E03. House Party.csproj", "{AD4889ED-8892-481B-B849-65D075BEEB90}"
EndProject
Project("{FAE04EC0-301F-11D3-BF4B-00C04F79EFBC}") = "E04. List Operations", "E04. List Operations\E04. List Operations.csproj", "{6D8DA8F3-BE2F-4AF4-BBD8-5EFCDC2D7B0B}"
EndProject
Project("{FAE04EC0-301F-11D3-BF4B-00C04F79EFBC}") = "E05. Bomb Numbers", "E05. Bomb Numbers\E05. Bomb Numbers.csproj", "{1DE349C4-7501-494A-92DA-E072B4012A2F}"
EndProject
Project("{FAE04EC0-301F-11D3-BF4B-00C04F79EFBC}") = "E06. Cards Game", "E06. Cards Game\E06. Cards Game.csproj", "{95961885-3DF7-4EE9-BF6C-3FC88BC49080}"
EndProject
Global
	GlobalSection(SolutionConfigurationPlatforms) = preSolution
		Debug|Any CPU = Debug|Any CPU
		Release|Any CPU = Release|Any CPU
	EndGlobalSection
	GlobalSection(ProjectConfigurationPlatforms) = postSolution
		{4BE85BFD-E182-4DFF-83A9-CDCC11A760B2}.Debug|Any CPU.ActiveCfg = Debug|Any CPU
		{4BE85BFD-E182-4DFF-83A9-CDCC11A760B2}.Debug|Any CPU.Build.0 = Debug|Any CPU
		{4BE85BFD-E182-4DFF-83A9-CDCC11A760B2}.Release|Any CPU.ActiveCfg = Release|Any CPU
		{4BE85BFD-E182-4DFF-83A9-CDCC11A760B2}.Release|Any CPU.Build.0 = Release|Any CPU
		{42B061DA-1C5A-4D10-9201-C5CAFE0E1D0D}.Debug|Any CPU.ActiveCfg = Debug|Any CPU
		{42B061DA-1C5A-4D10-9201-C5CAFE0E1D0D}.Debug|Any CPU.Build.0 = Debug|Any CPU
		{42B061DA-1C5A-4D10-9201-C5CAFE0E1D0D}.Release|Any CPU.ActiveCfg = Release|Any CPU
		{42B061DA-1C5A-4D10-9201-C5CAFE0E1D0D}.Release|Any CPU.Build.0 = Release|Any CPU
		{AD4889ED-8892-481B-B849-65D075BEEB90}.Debug|Any CPU.ActiveCfg = Debug|Any CPU
		{AD4889ED-8892-481B-B849-65D075BEEB90}.Debug|Any CPU.Build.0 = Debug|Any CPU
		{AD4889ED-8892-481B-B849-65D075BEEB90}.Release|Any CPU.ActiveCfg = Release|Any CPU
		{AD4889ED-8892-481B-B849-65D075BEEB90}.Release|Any CPU.Build.0 = Release|Any CPU
		{6D8DA8F3-BE2F-4AF4-BBD8-5EFCDC2D7B0B}.Debug|Any CPU.ActiveCfg = Debug|Any CPU
		{6D8DA8F3-BE2F-4AF4-BBD8-5EFCDC2D7B0B}.Debug|Any CPU.Build.0 = Debug|Any CPU
		{6D8DA8F3-BE2F-4AF4-BBD8-5EFCDC2D7B0B}.Release|Any CPU.ActiveCfg = Release|Any CPU
		{6D8DA8F3-BE2F-4AF4-BBD8-5EFCDC2D7B0B}.Release|Any CPU.Build.0 = Release|Any CPU
		{1DE349C4-7501-494A-92DA-E072B4012A2F}.Debug|Any CPU.ActiveCfg = Debug|Any CPU
		{1DE349C4-7501-494A-92DA-E072B4012A2F}.Debug|Any CPU.Build.0 = Debug|Any CPU
		{1DE349C4-7501-494A-92DA-E072B4012A2F}.Release|Any CPU.ActiveCfg = Release|Any CPU
		{1DE349C4-7501-494A-92DA-E072B4012A2F}.Release|Any CPU.Build.0 = Release|Any CPU
		{95961885-3DF7-4EE9-BF6C-3FC88BC49080}.Debug|Any CPU.ActiveCfg = Debug|Any CPU
		{95961885-3DF7-4EE9-BF6C-3FC88BC49080}.Debug|Any CPU.Build.0 = Debug|Any CPU
		{95961885-3DF7-4EE9-BF6C-3FC88BC49080}.Release|Any CPU.ActiveCfg = Release|Any CPU
		{95961885-3DF7-4EE9-BF6C-3FC88BC49080}.Release|Any CPU.Build.0 = Release|Any CPU
	EndGlobalSection
	GlobalSection(SolutionProperties) = preSolution
		HideSolutionNode = FALSE
	EndGlobalSection
	GlobalSection(ExtensibilityGlobals) = postSolution
		SolutionGuid = {AAC51608-CDFC-4354-B73D-9A21181E68D1}
	EndGlobalSection
EndGlobal
