
Microsoft Visual Studio Solution File, Format Version 12.00
# Visual Studio Version 17
VisualStudioVersion = 17.0.32112.339
MinimumVisualStudioVersion = 10.0.40219.1
Project("{9A19103F-16F7-4668-BE54-9A1E7A4F7556}") = "L01 Count Same Values in Array", "L01 Count Same Values in Array\L01 Count Same Values in Array.csproj", "{555F9D26-C446-45B1-AFF8-64EEDC5A7CA1}"
EndProject
Project("{9A19103F-16F7-4668-BE54-9A1E7A4F7556}") = "L02 Average Student Grades", "L02 Average Student Grades\L02 Average Student Grades.csproj", "{DE1C7191-B77F-48EB-A3FF-AFD318E61539}"
EndProject
Project("{9A19103F-16F7-4668-BE54-9A1E7A4F7556}") = "L04 Product Shop", "L04 Product Shop\L04 Product Shop.csproj", "{A995766E-2027-4BFB-9A9D-1A76D0280FB3}"
EndProject
Project("{9A19103F-16F7-4668-BE54-9A1E7A4F7556}") = "L06 Record Unique Names", "L06 Record Unique Names\L06 Record Unique Names.csproj", "{1E4C967D-3F9E-4241-A9F6-A1E1FBDB440C}"
EndProject
Project("{9A19103F-16F7-4668-BE54-9A1E7A4F7556}") = "L07 Parking Lot", "L07 Parking Lot\L07 Parking Lot.csproj", "{67742AF9-7A84-466D-AB47-370BCD485371}"
EndProject
Project("{9A19103F-16F7-4668-BE54-9A1E7A4F7556}") = "L08 SoftUni Party", "L08 SoftUni Party\L08 SoftUni Party.csproj", "{B5705229-3460-4950-AFF2-C3224499CB5E}"
EndProject
Project("{FAE04EC0-301F-11D3-BF4B-00C04F79EFBC}") = "E01 Unique Usernames", "E01 Unique Usernames\E01 Unique Usernames.csproj", "{F7786241-CB4A-48B7-9ED9-244CDD5777B8}"
EndProject
Project("{FAE04EC0-301F-11D3-BF4B-00C04F79EFBC}") = "E02 Sets of Elements", "E02 Sets of Elements\E02 Sets of Elements.csproj", "{B06221BD-0B5C-4B99-82D1-9F3DCAC7A70D}"
EndProject
Global
	GlobalSection(SolutionConfigurationPlatforms) = preSolution
		Debug|Any CPU = Debug|Any CPU
		Release|Any CPU = Release|Any CPU
	EndGlobalSection
	GlobalSection(ProjectConfigurationPlatforms) = postSolution
		{555F9D26-C446-45B1-AFF8-64EEDC5A7CA1}.Debug|Any CPU.ActiveCfg = Debug|Any CPU
		{555F9D26-C446-45B1-AFF8-64EEDC5A7CA1}.Debug|Any CPU.Build.0 = Debug|Any CPU
		{555F9D26-C446-45B1-AFF8-64EEDC5A7CA1}.Release|Any CPU.ActiveCfg = Release|Any CPU
		{555F9D26-C446-45B1-AFF8-64EEDC5A7CA1}.Release|Any CPU.Build.0 = Release|Any CPU
		{DE1C7191-B77F-48EB-A3FF-AFD318E61539}.Debug|Any CPU.ActiveCfg = Debug|Any CPU
		{DE1C7191-B77F-48EB-A3FF-AFD318E61539}.Debug|Any CPU.Build.0 = Debug|Any CPU
		{DE1C7191-B77F-48EB-A3FF-AFD318E61539}.Release|Any CPU.ActiveCfg = Release|Any CPU
		{DE1C7191-B77F-48EB-A3FF-AFD318E61539}.Release|Any CPU.Build.0 = Release|Any CPU
		{A995766E-2027-4BFB-9A9D-1A76D0280FB3}.Debug|Any CPU.ActiveCfg = Debug|Any CPU
		{A995766E-2027-4BFB-9A9D-1A76D0280FB3}.Debug|Any CPU.Build.0 = Debug|Any CPU
		{A995766E-2027-4BFB-9A9D-1A76D0280FB3}.Release|Any CPU.ActiveCfg = Release|Any CPU
		{A995766E-2027-4BFB-9A9D-1A76D0280FB3}.Release|Any CPU.Build.0 = Release|Any CPU
		{1E4C967D-3F9E-4241-A9F6-A1E1FBDB440C}.Debug|Any CPU.ActiveCfg = Debug|Any CPU
		{1E4C967D-3F9E-4241-A9F6-A1E1FBDB440C}.Debug|Any CPU.Build.0 = Debug|Any CPU
		{1E4C967D-3F9E-4241-A9F6-A1E1FBDB440C}.Release|Any CPU.ActiveCfg = Release|Any CPU
		{1E4C967D-3F9E-4241-A9F6-A1E1FBDB440C}.Release|Any CPU.Build.0 = Release|Any CPU
		{67742AF9-7A84-466D-AB47-370BCD485371}.Debug|Any CPU.ActiveCfg = Debug|Any CPU
		{67742AF9-7A84-466D-AB47-370BCD485371}.Debug|Any CPU.Build.0 = Debug|Any CPU
		{67742AF9-7A84-466D-AB47-370BCD485371}.Release|Any CPU.ActiveCfg = Release|Any CPU
		{67742AF9-7A84-466D-AB47-370BCD485371}.Release|Any CPU.Build.0 = Release|Any CPU
		{B5705229-3460-4950-AFF2-C3224499CB5E}.Debug|Any CPU.ActiveCfg = Debug|Any CPU
		{B5705229-3460-4950-AFF2-C3224499CB5E}.Debug|Any CPU.Build.0 = Debug|Any CPU
		{B5705229-3460-4950-AFF2-C3224499CB5E}.Release|Any CPU.ActiveCfg = Release|Any CPU
		{B5705229-3460-4950-AFF2-C3224499CB5E}.Release|Any CPU.Build.0 = Release|Any CPU
		{F7786241-CB4A-48B7-9ED9-244CDD5777B8}.Debug|Any CPU.ActiveCfg = Debug|Any CPU
		{F7786241-CB4A-48B7-9ED9-244CDD5777B8}.Debug|Any CPU.Build.0 = Debug|Any CPU
		{F7786241-CB4A-48B7-9ED9-244CDD5777B8}.Release|Any CPU.ActiveCfg = Release|Any CPU
		{F7786241-CB4A-48B7-9ED9-244CDD5777B8}.Release|Any CPU.Build.0 = Release|Any CPU
		{B06221BD-0B5C-4B99-82D1-9F3DCAC7A70D}.Debug|Any CPU.ActiveCfg = Debug|Any CPU
		{B06221BD-0B5C-4B99-82D1-9F3DCAC7A70D}.Debug|Any CPU.Build.0 = Debug|Any CPU
		{B06221BD-0B5C-4B99-82D1-9F3DCAC7A70D}.Release|Any CPU.ActiveCfg = Release|Any CPU
		{B06221BD-0B5C-4B99-82D1-9F3DCAC7A70D}.Release|Any CPU.Build.0 = Release|Any CPU
	EndGlobalSection
	GlobalSection(SolutionProperties) = preSolution
		HideSolutionNode = FALSE
	EndGlobalSection
	GlobalSection(ExtensibilityGlobals) = postSolution
		SolutionGuid = {3652ACFE-2462-4466-843F-40C8BA83AAEF}
	EndGlobalSection
EndGlobal
