
Microsoft Visual Studio Solution File, Format Version 12.00
# Visual Studio Version 17
VisualStudioVersion = 17.0.32112.339
MinimumVisualStudioVersion = 10.0.40219.1
Project("{9A19103F-16F7-4668-BE54-9A1E7A4F7556}") = "5 The Imitation Game", "01 The Imitation Game\5 The Imitation Game.csproj", "{AD0381D2-F1B3-4F0A-9FCD-3D62A91741B7}"
EndProject
Project("{9A19103F-16F7-4668-BE54-9A1E7A4F7556}") = "6 Ad Astra", "02 Ad Astra\6 Ad Astra.csproj", "{3295922B-FD3A-4856-A9D1-27E6B8CFAA61}"
EndProject
Project("{9A19103F-16F7-4668-BE54-9A1E7A4F7556}") = "9 The Pianist", "03 The Pianist\9 The Pianist.csproj", "{5575ADD5-9299-4A11-9FA8-F316DCC33F59}"
EndProject
Project("{9A19103F-16F7-4668-BE54-9A1E7A4F7556}") = "1 World Tour", "001 World Tour\1 World Tour.csproj", "{B4BA3764-01C5-4600-A81D-0D7570F8037F}"
EndProject
Project("{9A19103F-16F7-4668-BE54-9A1E7A4F7556}") = "2 Destination Mapper", "002 Destination Mapper\2 Destination Mapper.csproj", "{0E1D44FD-6B7D-4EF2-979F-653BCD96E842}"
EndProject
Project("{9A19103F-16F7-4668-BE54-9A1E7A4F7556}") = "3 Plant Discovery", "Plant Discovery\3 Plant Discovery.csproj", "{232B7485-0C1F-4F1A-ACB8-0DC78E268549}"
EndProject
Project("{9A19103F-16F7-4668-BE54-9A1E7A4F7556}") = "4 Secret Chat", "01 Secret Chat\4 Secret Chat.csproj", "{CF6309B3-20F9-49CA-9D79-274CCF3F9928}"
EndProject
Project("{9A19103F-16F7-4668-BE54-9A1E7A4F7556}") = "7 Mirror words", "02 Mirror words\7 Mirror words.csproj", "{DCEBE554-52C0-4AFF-880B-A7B048AA3B43}"
EndProject
Project("{9A19103F-16F7-4668-BE54-9A1E7A4F7556}") = "8 Need for Speed III", "03 Need for Speed III\8 Need for Speed III.csproj", "{FDF84CCC-5744-4AA8-8FB0-DED32C7834AB}"
EndProject
Project("{9A19103F-16F7-4668-BE54-9A1E7A4F7556}") = "10 Password Reset", "10 Password Reset\10 Password Reset.csproj", "{41872723-902B-4A1A-B24B-9F977283F505}"
EndProject
Project("{9A19103F-16F7-4668-BE54-9A1E7A4F7556}") = "11 Fancy Barcodes", "11 Fancy Barcodes\11 Fancy Barcodes.csproj", "{0D6DA1C0-C0C8-4DFA-9711-4BCA71E30ED2}"
EndProject
Project("{9A19103F-16F7-4668-BE54-9A1E7A4F7556}") = "12 Heroes of Code and Logic VII", "12 Heroes of Code and Logic VII\12 Heroes of Code and Logic VII.csproj", "{75C91719-B9BA-4E7B-B2EE-942AAB47C49D}"
EndProject
Project("{9A19103F-16F7-4668-BE54-9A1E7A4F7556}") = "13 Activation Keys", "13 Activation Keys\13 Activation Keys.csproj", "{503B49FD-9AA7-4F3B-801A-ADBC045A69D6}"
EndProject
Project("{FAE04EC0-301F-11D3-BF4B-00C04F79EFBC}") = "14 Emoji Detector", "14 Emoji Detector\14 Emoji Detector.csproj", "{81E5DC04-6BC4-40E2-BBFB-C2F43C2712F9}"
EndProject
Global
	GlobalSection(SolutionConfigurationPlatforms) = preSolution
		Debug|Any CPU = Debug|Any CPU
		Release|Any CPU = Release|Any CPU
	EndGlobalSection
	GlobalSection(ProjectConfigurationPlatforms) = postSolution
		{AD0381D2-F1B3-4F0A-9FCD-3D62A91741B7}.Debug|Any CPU.ActiveCfg = Debug|Any CPU
		{AD0381D2-F1B3-4F0A-9FCD-3D62A91741B7}.Debug|Any CPU.Build.0 = Debug|Any CPU
		{AD0381D2-F1B3-4F0A-9FCD-3D62A91741B7}.Release|Any CPU.ActiveCfg = Release|Any CPU
		{AD0381D2-F1B3-4F0A-9FCD-3D62A91741B7}.Release|Any CPU.Build.0 = Release|Any CPU
		{3295922B-FD3A-4856-A9D1-27E6B8CFAA61}.Debug|Any CPU.ActiveCfg = Debug|Any CPU
		{3295922B-FD3A-4856-A9D1-27E6B8CFAA61}.Debug|Any CPU.Build.0 = Debug|Any CPU
		{3295922B-FD3A-4856-A9D1-27E6B8CFAA61}.Release|Any CPU.ActiveCfg = Release|Any CPU
		{3295922B-FD3A-4856-A9D1-27E6B8CFAA61}.Release|Any CPU.Build.0 = Release|Any CPU
		{5575ADD5-9299-4A11-9FA8-F316DCC33F59}.Debug|Any CPU.ActiveCfg = Debug|Any CPU
		{5575ADD5-9299-4A11-9FA8-F316DCC33F59}.Debug|Any CPU.Build.0 = Debug|Any CPU
		{5575ADD5-9299-4A11-9FA8-F316DCC33F59}.Release|Any CPU.ActiveCfg = Release|Any CPU
		{5575ADD5-9299-4A11-9FA8-F316DCC33F59}.Release|Any CPU.Build.0 = Release|Any CPU
		{B4BA3764-01C5-4600-A81D-0D7570F8037F}.Debug|Any CPU.ActiveCfg = Debug|Any CPU
		{B4BA3764-01C5-4600-A81D-0D7570F8037F}.Debug|Any CPU.Build.0 = Debug|Any CPU
		{B4BA3764-01C5-4600-A81D-0D7570F8037F}.Release|Any CPU.ActiveCfg = Release|Any CPU
		{B4BA3764-01C5-4600-A81D-0D7570F8037F}.Release|Any CPU.Build.0 = Release|Any CPU
		{0E1D44FD-6B7D-4EF2-979F-653BCD96E842}.Debug|Any CPU.ActiveCfg = Debug|Any CPU
		{0E1D44FD-6B7D-4EF2-979F-653BCD96E842}.Debug|Any CPU.Build.0 = Debug|Any CPU
		{0E1D44FD-6B7D-4EF2-979F-653BCD96E842}.Release|Any CPU.ActiveCfg = Release|Any CPU
		{0E1D44FD-6B7D-4EF2-979F-653BCD96E842}.Release|Any CPU.Build.0 = Release|Any CPU
		{232B7485-0C1F-4F1A-ACB8-0DC78E268549}.Debug|Any CPU.ActiveCfg = Debug|Any CPU
		{232B7485-0C1F-4F1A-ACB8-0DC78E268549}.Debug|Any CPU.Build.0 = Debug|Any CPU
		{232B7485-0C1F-4F1A-ACB8-0DC78E268549}.Release|Any CPU.ActiveCfg = Release|Any CPU
		{232B7485-0C1F-4F1A-ACB8-0DC78E268549}.Release|Any CPU.Build.0 = Release|Any CPU
		{CF6309B3-20F9-49CA-9D79-274CCF3F9928}.Debug|Any CPU.ActiveCfg = Debug|Any CPU
		{CF6309B3-20F9-49CA-9D79-274CCF3F9928}.Debug|Any CPU.Build.0 = Debug|Any CPU
		{CF6309B3-20F9-49CA-9D79-274CCF3F9928}.Release|Any CPU.ActiveCfg = Release|Any CPU
		{CF6309B3-20F9-49CA-9D79-274CCF3F9928}.Release|Any CPU.Build.0 = Release|Any CPU
		{DCEBE554-52C0-4AFF-880B-A7B048AA3B43}.Debug|Any CPU.ActiveCfg = Debug|Any CPU
		{DCEBE554-52C0-4AFF-880B-A7B048AA3B43}.Debug|Any CPU.Build.0 = Debug|Any CPU
		{DCEBE554-52C0-4AFF-880B-A7B048AA3B43}.Release|Any CPU.ActiveCfg = Release|Any CPU
		{DCEBE554-52C0-4AFF-880B-A7B048AA3B43}.Release|Any CPU.Build.0 = Release|Any CPU
		{FDF84CCC-5744-4AA8-8FB0-DED32C7834AB}.Debug|Any CPU.ActiveCfg = Debug|Any CPU
		{FDF84CCC-5744-4AA8-8FB0-DED32C7834AB}.Debug|Any CPU.Build.0 = Debug|Any CPU
		{FDF84CCC-5744-4AA8-8FB0-DED32C7834AB}.Release|Any CPU.ActiveCfg = Release|Any CPU
		{FDF84CCC-5744-4AA8-8FB0-DED32C7834AB}.Release|Any CPU.Build.0 = Release|Any CPU
		{41872723-902B-4A1A-B24B-9F977283F505}.Debug|Any CPU.ActiveCfg = Debug|Any CPU
		{41872723-902B-4A1A-B24B-9F977283F505}.Debug|Any CPU.Build.0 = Debug|Any CPU
		{41872723-902B-4A1A-B24B-9F977283F505}.Release|Any CPU.ActiveCfg = Release|Any CPU
		{41872723-902B-4A1A-B24B-9F977283F505}.Release|Any CPU.Build.0 = Release|Any CPU
		{0D6DA1C0-C0C8-4DFA-9711-4BCA71E30ED2}.Debug|Any CPU.ActiveCfg = Debug|Any CPU
		{0D6DA1C0-C0C8-4DFA-9711-4BCA71E30ED2}.Debug|Any CPU.Build.0 = Debug|Any CPU
		{0D6DA1C0-C0C8-4DFA-9711-4BCA71E30ED2}.Release|Any CPU.ActiveCfg = Release|Any CPU
		{0D6DA1C0-C0C8-4DFA-9711-4BCA71E30ED2}.Release|Any CPU.Build.0 = Release|Any CPU
		{75C91719-B9BA-4E7B-B2EE-942AAB47C49D}.Debug|Any CPU.ActiveCfg = Debug|Any CPU
		{75C91719-B9BA-4E7B-B2EE-942AAB47C49D}.Debug|Any CPU.Build.0 = Debug|Any CPU
		{75C91719-B9BA-4E7B-B2EE-942AAB47C49D}.Release|Any CPU.ActiveCfg = Release|Any CPU
		{75C91719-B9BA-4E7B-B2EE-942AAB47C49D}.Release|Any CPU.Build.0 = Release|Any CPU
		{503B49FD-9AA7-4F3B-801A-ADBC045A69D6}.Debug|Any CPU.ActiveCfg = Debug|Any CPU
		{503B49FD-9AA7-4F3B-801A-ADBC045A69D6}.Debug|Any CPU.Build.0 = Debug|Any CPU
		{503B49FD-9AA7-4F3B-801A-ADBC045A69D6}.Release|Any CPU.ActiveCfg = Release|Any CPU
		{503B49FD-9AA7-4F3B-801A-ADBC045A69D6}.Release|Any CPU.Build.0 = Release|Any CPU
		{81E5DC04-6BC4-40E2-BBFB-C2F43C2712F9}.Debug|Any CPU.ActiveCfg = Debug|Any CPU
		{81E5DC04-6BC4-40E2-BBFB-C2F43C2712F9}.Debug|Any CPU.Build.0 = Debug|Any CPU
		{81E5DC04-6BC4-40E2-BBFB-C2F43C2712F9}.Release|Any CPU.ActiveCfg = Release|Any CPU
		{81E5DC04-6BC4-40E2-BBFB-C2F43C2712F9}.Release|Any CPU.Build.0 = Release|Any CPU
	EndGlobalSection
	GlobalSection(SolutionProperties) = preSolution
		HideSolutionNode = FALSE
	EndGlobalSection
	GlobalSection(ExtensibilityGlobals) = postSolution
		SolutionGuid = {08055337-47F6-46C2-96A9-5EF213C0AA00}
	EndGlobalSection
EndGlobal
