
Microsoft Visual Studio Solution File, Format Version 12.00
# Visual Studio Version 17
VisualStudioVersion = 17.0.32112.339
MinimumVisualStudioVersion = 10.0.40219.1
Project("{9A19103F-16F7-4668-BE54-9A1E7A4F7556}") = "L02 Line Numbers", "L02 Line Numbers\L02 Line Numbers.csproj", "{14A2A636-CCF9-4C87-A00D-FDDAA8AC36E3}"
EndProject
Project("{9A19103F-16F7-4668-BE54-9A1E7A4F7556}") = "L01 Odd Line", "L01 Odd Line\L01 Odd Line.csproj", "{7F36275C-7A19-4589-A6BF-66797EA0A018}"
EndProject
Project("{9A19103F-16F7-4668-BE54-9A1E7A4F7556}") = "L03 Word Count", "L03 Word Count\L03 Word Count.csproj", "{59B88480-A180-4EDF-A62F-21F39981C8F7}"
EndProject
Project("{9A19103F-16F7-4668-BE54-9A1E7A4F7556}") = "L04 Merge Files", "L04 Merge Files\L04 Merge Files.csproj", "{7986DF8A-F690-43F4-B828-08DDD84648F1}"
EndProject
Project("{9A19103F-16F7-4668-BE54-9A1E7A4F7556}") = "L05 Extract Special Bytes", "L05 Extract Special Bytes\L05 Extract Special Bytes.csproj", "{C1E5DD46-A667-4D7A-991A-AE3D2A1E800B}"
EndProject
Project("{FAE04EC0-301F-11D3-BF4B-00C04F79EFBC}") = "E05 Slice a File", "E05 Slice a File\E05 Slice a File.csproj", "{42AF503A-5556-441E-90E1-FD4AA3C00588}"
EndProject
Project("{FAE04EC0-301F-11D3-BF4B-00C04F79EFBC}") = "L07 Folder Size", "L07 Folder Size\L07 Folder Size.csproj", "{9B36B23D-DCB7-4CC6-A69B-81339FD7EA8B}"
EndProject
Project("{FAE04EC0-301F-11D3-BF4B-00C04F79EFBC}") = "E01 Even Lines", "E01 Even Lines\E01 Even Lines.csproj", "{CCF80982-472E-4BC2-8612-A64F0A0B61AB}"
EndProject
Global
	GlobalSection(SolutionConfigurationPlatforms) = preSolution
		Debug|Any CPU = Debug|Any CPU
		Release|Any CPU = Release|Any CPU
	EndGlobalSection
	GlobalSection(ProjectConfigurationPlatforms) = postSolution
		{14A2A636-CCF9-4C87-A00D-FDDAA8AC36E3}.Debug|Any CPU.ActiveCfg = Debug|Any CPU
		{14A2A636-CCF9-4C87-A00D-FDDAA8AC36E3}.Debug|Any CPU.Build.0 = Debug|Any CPU
		{14A2A636-CCF9-4C87-A00D-FDDAA8AC36E3}.Release|Any CPU.ActiveCfg = Release|Any CPU
		{14A2A636-CCF9-4C87-A00D-FDDAA8AC36E3}.Release|Any CPU.Build.0 = Release|Any CPU
		{7F36275C-7A19-4589-A6BF-66797EA0A018}.Debug|Any CPU.ActiveCfg = Debug|Any CPU
		{7F36275C-7A19-4589-A6BF-66797EA0A018}.Debug|Any CPU.Build.0 = Debug|Any CPU
		{7F36275C-7A19-4589-A6BF-66797EA0A018}.Release|Any CPU.ActiveCfg = Release|Any CPU
		{7F36275C-7A19-4589-A6BF-66797EA0A018}.Release|Any CPU.Build.0 = Release|Any CPU
		{59B88480-A180-4EDF-A62F-21F39981C8F7}.Debug|Any CPU.ActiveCfg = Debug|Any CPU
		{59B88480-A180-4EDF-A62F-21F39981C8F7}.Debug|Any CPU.Build.0 = Debug|Any CPU
		{59B88480-A180-4EDF-A62F-21F39981C8F7}.Release|Any CPU.ActiveCfg = Release|Any CPU
		{59B88480-A180-4EDF-A62F-21F39981C8F7}.Release|Any CPU.Build.0 = Release|Any CPU
		{7986DF8A-F690-43F4-B828-08DDD84648F1}.Debug|Any CPU.ActiveCfg = Debug|Any CPU
		{7986DF8A-F690-43F4-B828-08DDD84648F1}.Debug|Any CPU.Build.0 = Debug|Any CPU
		{7986DF8A-F690-43F4-B828-08DDD84648F1}.Release|Any CPU.ActiveCfg = Release|Any CPU
		{7986DF8A-F690-43F4-B828-08DDD84648F1}.Release|Any CPU.Build.0 = Release|Any CPU
		{C1E5DD46-A667-4D7A-991A-AE3D2A1E800B}.Debug|Any CPU.ActiveCfg = Debug|Any CPU
		{C1E5DD46-A667-4D7A-991A-AE3D2A1E800B}.Debug|Any CPU.Build.0 = Debug|Any CPU
		{C1E5DD46-A667-4D7A-991A-AE3D2A1E800B}.Release|Any CPU.ActiveCfg = Release|Any CPU
		{C1E5DD46-A667-4D7A-991A-AE3D2A1E800B}.Release|Any CPU.Build.0 = Release|Any CPU
		{42AF503A-5556-441E-90E1-FD4AA3C00588}.Debug|Any CPU.ActiveCfg = Debug|Any CPU
		{42AF503A-5556-441E-90E1-FD4AA3C00588}.Debug|Any CPU.Build.0 = Debug|Any CPU
		{42AF503A-5556-441E-90E1-FD4AA3C00588}.Release|Any CPU.ActiveCfg = Release|Any CPU
		{42AF503A-5556-441E-90E1-FD4AA3C00588}.Release|Any CPU.Build.0 = Release|Any CPU
		{9B36B23D-DCB7-4CC6-A69B-81339FD7EA8B}.Debug|Any CPU.ActiveCfg = Debug|Any CPU
		{9B36B23D-DCB7-4CC6-A69B-81339FD7EA8B}.Debug|Any CPU.Build.0 = Debug|Any CPU
		{9B36B23D-DCB7-4CC6-A69B-81339FD7EA8B}.Release|Any CPU.ActiveCfg = Release|Any CPU
		{9B36B23D-DCB7-4CC6-A69B-81339FD7EA8B}.Release|Any CPU.Build.0 = Release|Any CPU
		{CCF80982-472E-4BC2-8612-A64F0A0B61AB}.Debug|Any CPU.ActiveCfg = Debug|Any CPU
		{CCF80982-472E-4BC2-8612-A64F0A0B61AB}.Debug|Any CPU.Build.0 = Debug|Any CPU
		{CCF80982-472E-4BC2-8612-A64F0A0B61AB}.Release|Any CPU.ActiveCfg = Release|Any CPU
		{CCF80982-472E-4BC2-8612-A64F0A0B61AB}.Release|Any CPU.Build.0 = Release|Any CPU
	EndGlobalSection
	GlobalSection(SolutionProperties) = preSolution
		HideSolutionNode = FALSE
	EndGlobalSection
	GlobalSection(ExtensibilityGlobals) = postSolution
		SolutionGuid = {A09F9F56-5A98-4F7C-A465-96BB260E4C35}
	EndGlobalSection
EndGlobal
