
Microsoft Visual Studio Solution File, Format Version 12.00
# Visual Studio Version 17
VisualStudioVersion = 17.4.33205.214
MinimumVisualStudioVersion = 10.0.40219.1
Project("{FAE04EC0-301F-11D3-BF4B-00C04F79EFBC}") = "MVC_Intro", "MVC_Intro\MVC_Intro.csproj", "{D7A0662C-C323-4250-AA03-953903928A00}"
EndProject
Global
	GlobalSection(SolutionConfigurationPlatforms) = preSolution
		Debug|Any CPU = Debug|Any CPU
		Release|Any CPU = Release|Any CPU
	EndGlobalSection
	GlobalSection(ProjectConfigurationPlatforms) = postSolution
		{D7A0662C-C323-4250-AA03-953903928A00}.Debug|Any CPU.ActiveCfg = Debug|Any CPU
		{D7A0662C-C323-4250-AA03-953903928A00}.Debug|Any CPU.Build.0 = Debug|Any CPU
		{D7A0662C-C323-4250-AA03-953903928A00}.Release|Any CPU.ActiveCfg = Release|Any CPU
		{D7A0662C-C323-4250-AA03-953903928A00}.Release|Any CPU.Build.0 = Release|Any CPU
	EndGlobalSection
	GlobalSection(SolutionProperties) = preSolution
		HideSolutionNode = FALSE
	EndGlobalSection
	GlobalSection(ExtensibilityGlobals) = postSolution
		SolutionGuid = {DC8457AF-81F4-47F7-B0A0-67D0774EB920}
	EndGlobalSection
EndGlobal
